// !$*UTF8*$!
{
	archiveVersion = 1;
	classes = {
	};
	objectVersion = 45;
	objects = {

/* Begin PBXAggregateTarget section */
		1E548EEC0F83E3F10015F022 /* cminpack */ = {
			isa = PBXAggregateTarget;
			buildConfigurationList = 1E548F0D0F83E42D0015F022 /* Build configuration list for PBXAggregateTarget "cminpack" */;
			buildPhases = (
			);
			dependencies = (
				1E548EF10F83E3F90015F022 /* PBXTargetDependency */,
				1E548EF70F83E3F90015F022 /* PBXTargetDependency */,
				1E548EF90F83E3F90015F022 /* PBXTargetDependency */,
				1E548EFB0F83E3F90015F022 /* PBXTargetDependency */,
				1E548EFD0F83E3F90015F022 /* PBXTargetDependency */,
				1E548EFF0F83E3F90015F022 /* PBXTargetDependency */,
				1E548F010F83E3F90015F022 /* PBXTargetDependency */,
				1E548F070F83E3F90015F022 /* PBXTargetDependency */,
				1E548EF30F83E3F90015F022 /* PBXTargetDependency */,
				1E548EF50F83E3F90015F022 /* PBXTargetDependency */,
				1E548F030F83E3F90015F022 /* PBXTargetDependency */,
				1E548F050F83E3F90015F022 /* PBXTargetDependency */,
			);
			name = cminpack;
			productName = cminpack;
		};
/* End PBXAggregateTarget section */

/* Begin PBXBuildFile section */
		1E548DCD0F83DF710015F022 /* libminpack.a in Frameworks */ = {isa = PBXBuildFile; fileRef = D2AAC046055464E500DB518D /* libminpack.a */; };
		1E548E0A0F83E1C10015F022 /* libminpack.a in Frameworks */ = {isa = PBXBuildFile; fileRef = D2AAC046055464E500DB518D /* libminpack.a */; };
		1E548E1C0F83E2050015F022 /* libminpack.a in Frameworks */ = {isa = PBXBuildFile; fileRef = D2AAC046055464E500DB518D /* libminpack.a */; };
		1E548E510F83E2DF0015F022 /* libminpack.a in Frameworks */ = {isa = PBXBuildFile; fileRef = D2AAC046055464E500DB518D /* libminpack.a */; };
		1E548E650F83E2F90015F022 /* libminpack.a in Frameworks */ = {isa = PBXBuildFile; fileRef = D2AAC046055464E500DB518D /* libminpack.a */; };
		1E548E780F83E3130015F022 /* libminpack.a in Frameworks */ = {isa = PBXBuildFile; fileRef = D2AAC046055464E500DB518D /* libminpack.a */; };
		1E548E8A0F83E32D0015F022 /* libminpack.a in Frameworks */ = {isa = PBXBuildFile; fileRef = D2AAC046055464E500DB518D /* libminpack.a */; };
		1E548E9B0F83E3440015F022 /* libminpack.a in Frameworks */ = {isa = PBXBuildFile; fileRef = D2AAC046055464E500DB518D /* libminpack.a */; };
		1E548EBA0F83E3810015F022 /* libminpack.a in Frameworks */ = {isa = PBXBuildFile; fileRef = D2AAC046055464E500DB518D /* libminpack.a */; };
		1E548ECA0F83E38C0015F022 /* libminpack.a in Frameworks */ = {isa = PBXBuildFile; fileRef = D2AAC046055464E500DB518D /* libminpack.a */; };
		1E548ED90F83E3A10015F022 /* libminpack.a in Frameworks */ = {isa = PBXBuildFile; fileRef = D2AAC046055464E500DB518D /* libminpack.a */; };
		35C3D6DF0DB79E4800A4BB4B /* lmdif.c in Sources */ = {isa = PBXBuildFile; fileRef = 35C3D6BC0DB79E4800A4BB4B /* lmdif.c */; };
		35C3D6E00DB79E4800A4BB4B /* chkder.c in Sources */ = {isa = PBXBuildFile; fileRef = 35C3D6BD0DB79E4800A4BB4B /* chkder.c */; };
		35C3D6E10DB79E4800A4BB4B /* covar.c in Sources */ = {isa = PBXBuildFile; fileRef = 35C3D6BE0DB79E4800A4BB4B /* covar.c */; };
		35C3D6E20DB79E4800A4BB4B /* dogleg.c in Sources */ = {isa = PBXBuildFile; fileRef = 35C3D6BF0DB79E4800A4BB4B /* dogleg.c */; };
		35C3D6E30DB79E4800A4BB4B /* dpmpar.c in Sources */ = {isa = PBXBuildFile; fileRef = 35C3D6C00DB79E4800A4BB4B /* dpmpar.c */; };
		35C3D6E40DB79E4800A4BB4B /* enorm.c in Sources */ = {isa = PBXBuildFile; fileRef = 35C3D6C10DB79E4800A4BB4B /* enorm.c */; };
		35C3D6E50DB79E4800A4BB4B /* fdjac1.c in Sources */ = {isa = PBXBuildFile; fileRef = 35C3D6C20DB79E4800A4BB4B /* fdjac1.c */; };
		35C3D6E60DB79E4800A4BB4B /* fdjac2.c in Sources */ = {isa = PBXBuildFile; fileRef = 35C3D6C30DB79E4800A4BB4B /* fdjac2.c */; };
		35C3D6E70DB79E4800A4BB4B /* hybrd.c in Sources */ = {isa = PBXBuildFile; fileRef = 35C3D6C40DB79E4800A4BB4B /* hybrd.c */; };
		35C3D6E80DB79E4800A4BB4B /* hybrd1.c in Sources */ = {isa = PBXBuildFile; fileRef = 35C3D6C50DB79E4800A4BB4B /* hybrd1.c */; };
		35C3D6E90DB79E4800A4BB4B /* hybrj.c in Sources */ = {isa = PBXBuildFile; fileRef = 35C3D6C60DB79E4800A4BB4B /* hybrj.c */; };
		35C3D6EA0DB79E4800A4BB4B /* hybrj1.c in Sources */ = {isa = PBXBuildFile; fileRef = 35C3D6C70DB79E4800A4BB4B /* hybrj1.c */; };
		35C3D6EB0DB79E4800A4BB4B /* lmder.c in Sources */ = {isa = PBXBuildFile; fileRef = 35C3D6C80DB79E4800A4BB4B /* lmder.c */; };
		35C3D6EC0DB79E4800A4BB4B /* lmder1.c in Sources */ = {isa = PBXBuildFile; fileRef = 35C3D6C90DB79E4800A4BB4B /* lmder1.c */; };
		35C3D6ED0DB79E4800A4BB4B /* lmdif1.c in Sources */ = {isa = PBXBuildFile; fileRef = 35C3D6CA0DB79E4800A4BB4B /* lmdif1.c */; };
		35C3D6EE0DB79E4800A4BB4B /* lmpar.c in Sources */ = {isa = PBXBuildFile; fileRef = 35C3D6CB0DB79E4800A4BB4B /* lmpar.c */; };
		35C3D6EF0DB79E4800A4BB4B /* lmstr.c in Sources */ = {isa = PBXBuildFile; fileRef = 35C3D6CC0DB79E4800A4BB4B /* lmstr.c */; };
		35C3D6F00DB79E4800A4BB4B /* lmstr1.c in Sources */ = {isa = PBXBuildFile; fileRef = 35C3D6CD0DB79E4800A4BB4B /* lmstr1.c */; };
		35C3D6F10DB79E4800A4BB4B /* qform.c in Sources */ = {isa = PBXBuildFile; fileRef = 35C3D6CE0DB79E4800A4BB4B /* qform.c */; };
		35C3D6F20DB79E4800A4BB4B /* qrfac.c in Sources */ = {isa = PBXBuildFile; fileRef = 35C3D6CF0DB79E4800A4BB4B /* qrfac.c */; };
		35C3D6F30DB79E4800A4BB4B /* qrsolv.c in Sources */ = {isa = PBXBuildFile; fileRef = 35C3D6D00DB79E4800A4BB4B /* qrsolv.c */; };
		35C3D6F40DB79E4800A4BB4B /* r1mpyq.c in Sources */ = {isa = PBXBuildFile; fileRef = 35C3D6D10DB79E4800A4BB4B /* r1mpyq.c */; };
		35C3D6F50DB79E4800A4BB4B /* r1updt.c in Sources */ = {isa = PBXBuildFile; fileRef = 35C3D6D20DB79E4800A4BB4B /* r1updt.c */; };
		35C3D6F60DB79E4800A4BB4B /* rwupdt.c in Sources */ = {isa = PBXBuildFile; fileRef = 35C3D6D30DB79E4800A4BB4B /* rwupdt.c */; };
/* End PBXBuildFile section */

/* Begin PBXContainerItemProxy section */
		1E548EF00F83E3F90015F022 /* PBXContainerItemProxy */ = {
			isa = PBXContainerItemProxy;
			containerPortal = 08FB7793FE84155DC02AAC07 /* Project object */;
			proxyType = 1;
			remoteGlobalIDString = D2AAC045055464E500DB518D;
			remoteInfo = minmack;
		};
		1E548EF20F83E3F90015F022 /* PBXContainerItemProxy */ = {
			isa = PBXContainerItemProxy;
			containerPortal = 08FB7793FE84155DC02AAC07 /* Project object */;
			proxyType = 1;
			remoteGlobalIDString = 1E548DC50F83DF460015F022;
			remoteInfo = tlmdif;
		};
		1E548EF40F83E3F90015F022 /* PBXContainerItemProxy */ = {
			isa = PBXContainerItemProxy;
			containerPortal = 08FB7793FE84155DC02AAC07 /* Project object */;
			proxyType = 1;
			remoteGlobalIDString = 1E548E060F83E1C10015F022;
			remoteInfo = tlmdif1;
		};
		1E548EF60F83E3F90015F022 /* PBXContainerItemProxy */ = {
			isa = PBXContainerItemProxy;
			containerPortal = 08FB7793FE84155DC02AAC07 /* Project object */;
			proxyType = 1;
			remoteGlobalIDString = 1E548E180F83E2050015F022;
			remoteInfo = tchkder;
		};
		1E548EF80F83E3F90015F022 /* PBXContainerItemProxy */ = {
			isa = PBXContainerItemProxy;
			containerPortal = 08FB7793FE84155DC02AAC07 /* Project object */;
			proxyType = 1;
			remoteGlobalIDString = 1E548E450F83E2DF0015F022;
			remoteInfo = thybrd;
		};
		1E548EFA0F83E3F90015F022 /* PBXContainerItemProxy */ = {
			isa = PBXContainerItemProxy;
			containerPortal = 08FB7793FE84155DC02AAC07 /* Project object */;
			proxyType = 1;
			remoteGlobalIDString = 1E548E5A0F83E2F90015F022;
			remoteInfo = thybrd1;
		};
		1E548EFC0F83E3F90015F022 /* PBXContainerItemProxy */ = {
			isa = PBXContainerItemProxy;
			containerPortal = 08FB7793FE84155DC02AAC07 /* Project object */;
			proxyType = 1;
			remoteGlobalIDString = 1E548E6E0F83E3130015F022;
			remoteInfo = thybrj;
		};
		1E548EFE0F83E3F90015F022 /* PBXContainerItemProxy */ = {
			isa = PBXContainerItemProxy;
			containerPortal = 08FB7793FE84155DC02AAC07 /* Project object */;
			proxyType = 1;
			remoteGlobalIDString = 1E548E810F83E32D0015F022;
			remoteInfo = thybrj1;
		};
		1E548F000F83E3F90015F022 /* PBXContainerItemProxy */ = {
			isa = PBXContainerItemProxy;
			containerPortal = 08FB7793FE84155DC02AAC07 /* Project object */;
			proxyType = 1;
			remoteGlobalIDString = 1E548E930F83E3440015F022;
			remoteInfo = tlmder;
		};
		1E548F020F83E3F90015F022 /* PBXContainerItemProxy */ = {
			isa = PBXContainerItemProxy;
			containerPortal = 08FB7793FE84155DC02AAC07 /* Project object */;
			proxyType = 1;
			remoteGlobalIDString = 1E548EB30F83E3810015F022;
			remoteInfo = tlmstr;
		};
		1E548F040F83E3F90015F022 /* PBXContainerItemProxy */ = {
			isa = PBXContainerItemProxy;
			containerPortal = 08FB7793FE84155DC02AAC07 /* Project object */;
			proxyType = 1;
			remoteGlobalIDString = 1E548EC30F83E38C0015F022;
			remoteInfo = tlmstr1;
		};
		1E548F060F83E3F90015F022 /* PBXContainerItemProxy */ = {
			isa = PBXContainerItemProxy;
			containerPortal = 08FB7793FE84155DC02AAC07 /* Project object */;
			proxyType = 1;
			remoteGlobalIDString = 1E548ED30F83E3A10015F022;
			remoteInfo = tlmder1;
		};
		1E548F100F83E4590015F022 /* PBXContainerItemProxy */ = {
			isa = PBXContainerItemProxy;
			containerPortal = 08FB7793FE84155DC02AAC07 /* Project object */;
			proxyType = 1;
			remoteGlobalIDString = D2AAC045055464E500DB518D;
			remoteInfo = minmack;
		};
		1E548F120F83E4620015F022 /* PBXContainerItemProxy */ = {
			isa = PBXContainerItemProxy;
			containerPortal = 08FB7793FE84155DC02AAC07 /* Project object */;
			proxyType = 1;
			remoteGlobalIDString = D2AAC045055464E500DB518D;
			remoteInfo = minmack;
		};
		1E548F140F83E4710015F022 /* PBXContainerItemProxy */ = {
			isa = PBXContainerItemProxy;
			containerPortal = 08FB7793FE84155DC02AAC07 /* Project object */;
			proxyType = 1;
			remoteGlobalIDString = D2AAC045055464E500DB518D;
			remoteInfo = minmack;
		};
		1E548F160F83E4740015F022 /* PBXContainerItemProxy */ = {
			isa = PBXContainerItemProxy;
			containerPortal = 08FB7793FE84155DC02AAC07 /* Project object */;
			proxyType = 1;
			remoteGlobalIDString = D2AAC045055464E500DB518D;
			remoteInfo = minmack;
		};
		1E548F180F83E4770015F022 /* PBXContainerItemProxy */ = {
			isa = PBXContainerItemProxy;
			containerPortal = 08FB7793FE84155DC02AAC07 /* Project object */;
			proxyType = 1;
			remoteGlobalIDString = D2AAC045055464E500DB518D;
			remoteInfo = minmack;
		};
		1E548F1A0F83E47E0015F022 /* PBXContainerItemProxy */ = {
			isa = PBXContainerItemProxy;
			containerPortal = 08FB7793FE84155DC02AAC07 /* Project object */;
			proxyType = 1;
			remoteGlobalIDString = D2AAC045055464E500DB518D;
			remoteInfo = minmack;
		};
		1E548F1C0F83E4820015F022 /* PBXContainerItemProxy */ = {
			isa = PBXContainerItemProxy;
			containerPortal = 08FB7793FE84155DC02AAC07 /* Project object */;
			proxyType = 1;
			remoteGlobalIDString = D2AAC045055464E500DB518D;
			remoteInfo = minmack;
		};
		1E548F1E0F83E4880015F022 /* PBXContainerItemProxy */ = {
			isa = PBXContainerItemProxy;
			containerPortal = 08FB7793FE84155DC02AAC07 /* Project object */;
			proxyType = 1;
			remoteGlobalIDString = D2AAC045055464E500DB518D;
			remoteInfo = minmack;
		};
		1E548F200F83E48B0015F022 /* PBXContainerItemProxy */ = {
			isa = PBXContainerItemProxy;
			containerPortal = 08FB7793FE84155DC02AAC07 /* Project object */;
			proxyType = 1;
			remoteGlobalIDString = D2AAC045055464E500DB518D;
			remoteInfo = minmack;
		};
		1E548F220F83E4920015F022 /* PBXContainerItemProxy */ = {
			isa = PBXContainerItemProxy;
			containerPortal = 08FB7793FE84155DC02AAC07 /* Project object */;
			proxyType = 1;
			remoteGlobalIDString = D2AAC045055464E500DB518D;
			remoteInfo = minmack;
		};
		1E548F240F83E4950015F022 /* PBXContainerItemProxy */ = {
			isa = PBXContainerItemProxy;
			containerPortal = 08FB7793FE84155DC02AAC07 /* Project object */;
			proxyType = 1;
			remoteGlobalIDString = D2AAC045055464E500DB518D;
			remoteInfo = minmack;
		};
/* End PBXContainerItemProxy section */

/* Begin PBXFileReference section */
		1E548DC60F83DF460015F022 /* tlmdif */ = {isa = PBXFileReference; explicitFileType = "compiled.mach-o.executable"; includeInIndex = 0; path = tlmdif; sourceTree = BUILT_PRODUCTS_DIR; };
		1E548DDC0F83E0960015F022 /* hybrd_.html */ = {isa = PBXFileReference; fileEncoding = 4; lastKnownFileType = text.html; name = hybrd_.html; path = doc/hybrd_.html; sourceTree = "<group>"; };
		1E548DDD0F83E0960015F022 /* hybrj_.html */ = {isa = PBXFileReference; fileEncoding = 4; lastKnownFileType = text.html; name = hybrj_.html; path = doc/hybrj_.html; sourceTree = "<group>"; };
		1E548DDE0F83E0960015F022 /* index.html */ = {isa = PBXFileReference; fileEncoding = 4; lastKnownFileType = text.html; name = index.html; path = doc/index.html; sourceTree = "<group>"; };
		1E548DDF0F83E0960015F022 /* lmder_.html */ = {isa = PBXFileReference; fileEncoding = 4; lastKnownFileType = text.html; name = lmder_.html; path = doc/lmder_.html; sourceTree = "<group>"; };
		1E548DE00F83E0960015F022 /* lmdif_.html */ = {isa = PBXFileReference; fileEncoding = 4; lastKnownFileType = text.html; name = lmdif_.html; path = doc/lmdif_.html; sourceTree = "<group>"; };
		1E548DE10F83E0960015F022 /* lmstr_.html */ = {isa = PBXFileReference; fileEncoding = 4; lastKnownFileType = text.html; name = lmstr_.html; path = doc/lmstr_.html; sourceTree = "<group>"; };
		1E548DE20F83E0960015F022 /* minpack-documentation.txt */ = {isa = PBXFileReference; fileEncoding = 4; lastKnownFileType = text; name = "minpack-documentation.txt"; path = "doc/minpack-documentation.txt"; sourceTree = "<group>"; };
		1E548E0E0F83E1C10015F022 /* tlmdif1 */ = {isa = PBXFileReference; explicitFileType = "compiled.mach-o.executable"; includeInIndex = 0; path = tlmdif1; sourceTree = BUILT_PRODUCTS_DIR; };
		1E548E200F83E2050015F022 /* tchkder */ = {isa = PBXFileReference; explicitFileType = "compiled.mach-o.executable"; includeInIndex = 0; path = tchkder; sourceTree = BUILT_PRODUCTS_DIR; };
		1E548E550F83E2DF0015F022 /* thybrd */ = {isa = PBXFileReference; explicitFileType = "compiled.mach-o.executable"; includeInIndex = 0; path = thybrd; sourceTree = BUILT_PRODUCTS_DIR; };
		1E548E690F83E2F90015F022 /* thybrd1 */ = {isa = PBXFileReference; explicitFileType = "compiled.mach-o.executable"; includeInIndex = 0; path = thybrd1; sourceTree = BUILT_PRODUCTS_DIR; };
		1E548E7C0F83E3130015F022 /* thybrj */ = {isa = PBXFileReference; explicitFileType = "compiled.mach-o.executable"; includeInIndex = 0; path = thybrj; sourceTree = BUILT_PRODUCTS_DIR; };
		1E548E8E0F83E32D0015F022 /* thybrj1 */ = {isa = PBXFileReference; explicitFileType = "compiled.mach-o.executable"; includeInIndex = 0; path = thybrj1; sourceTree = BUILT_PRODUCTS_DIR; };
		1E548E9F0F83E3440015F022 /* tlmder */ = {isa = PBXFileReference; explicitFileType = "compiled.mach-o.executable"; includeInIndex = 0; path = tlmder; sourceTree = BUILT_PRODUCTS_DIR; };
		1E548EBE0F83E3810015F022 /* tlmstr */ = {isa = PBXFileReference; explicitFileType = "compiled.mach-o.executable"; includeInIndex = 0; path = tlmstr; sourceTree = BUILT_PRODUCTS_DIR; };
		1E548ECE0F83E38C0015F022 /* tlmstr1 */ = {isa = PBXFileReference; explicitFileType = "compiled.mach-o.executable"; includeInIndex = 0; path = tlmstr1; sourceTree = BUILT_PRODUCTS_DIR; };
		1E548EDD0F83E3A10015F022 /* tlmder1 */ = {isa = PBXFileReference; explicitFileType = "compiled.mach-o.executable"; includeInIndex = 0; path = tlmder1; sourceTree = BUILT_PRODUCTS_DIR; };
		35C3D6BC0DB79E4800A4BB4B /* lmdif.c */ = {isa = PBXFileReference; fileEncoding = 4; lastKnownFileType = sourcecode.c.c; path = lmdif.c; sourceTree = "<group>"; };
		35C3D6BD0DB79E4800A4BB4B /* chkder.c */ = {isa = PBXFileReference; fileEncoding = 4; lastKnownFileType = sourcecode.c.c; path = chkder.c; sourceTree = "<group>"; };
		35C3D6BE0DB79E4800A4BB4B /* covar.c */ = {isa = PBXFileReference; fileEncoding = 4; lastKnownFileType = sourcecode.c.c; path = covar.c; sourceTree = "<group>"; };
		35C3D6BF0DB79E4800A4BB4B /* dogleg.c */ = {isa = PBXFileReference; fileEncoding = 4; lastKnownFileType = sourcecode.c.c; path = dogleg.c; sourceTree = "<group>"; };
		35C3D6C00DB79E4800A4BB4B /* dpmpar.c */ = {isa = PBXFileReference; fileEncoding = 4; lastKnownFileType = sourcecode.c.c; path = dpmpar.c; sourceTree = "<group>"; };
		35C3D6C10DB79E4800A4BB4B /* enorm.c */ = {isa = PBXFileReference; fileEncoding = 4; lastKnownFileType = sourcecode.c.c; path = enorm.c; sourceTree = "<group>"; };
		35C3D6C20DB79E4800A4BB4B /* fdjac1.c */ = {isa = PBXFileReference; fileEncoding = 4; lastKnownFileType = sourcecode.c.c; path = fdjac1.c; sourceTree = "<group>"; };
		35C3D6C30DB79E4800A4BB4B /* fdjac2.c */ = {isa = PBXFileReference; fileEncoding = 4; lastKnownFileType = sourcecode.c.c; path = fdjac2.c; sourceTree = "<group>"; };
		35C3D6C40DB79E4800A4BB4B /* hybrd.c */ = {isa = PBXFileReference; fileEncoding = 4; lastKnownFileType = sourcecode.c.c; path = hybrd.c; sourceTree = "<group>"; };
		35C3D6C50DB79E4800A4BB4B /* hybrd1.c */ = {isa = PBXFileReference; fileEncoding = 4; lastKnownFileType = sourcecode.c.c; path = hybrd1.c; sourceTree = "<group>"; };
		35C3D6C60DB79E4800A4BB4B /* hybrj.c */ = {isa = PBXFileReference; fileEncoding = 4; lastKnownFileType = sourcecode.c.c; path = hybrj.c; sourceTree = "<group>"; };
		35C3D6C70DB79E4800A4BB4B /* hybrj1.c */ = {isa = PBXFileReference; fileEncoding = 4; lastKnownFileType = sourcecode.c.c; path = hybrj1.c; sourceTree = "<group>"; };
		35C3D6C80DB79E4800A4BB4B /* lmder.c */ = {isa = PBXFileReference; fileEncoding = 4; lastKnownFileType = sourcecode.c.c; path = lmder.c; sourceTree = "<group>"; };
		35C3D6C90DB79E4800A4BB4B /* lmder1.c */ = {isa = PBXFileReference; fileEncoding = 4; lastKnownFileType = sourcecode.c.c; path = lmder1.c; sourceTree = "<group>"; };
		35C3D6CA0DB79E4800A4BB4B /* lmdif1.c */ = {isa = PBXFileReference; fileEncoding = 4; lastKnownFileType = sourcecode.c.c; path = lmdif1.c; sourceTree = "<group>"; };
		35C3D6CB0DB79E4800A4BB4B /* lmpar.c */ = {isa = PBXFileReference; fileEncoding = 4; lastKnownFileType = sourcecode.c.c; path = lmpar.c; sourceTree = "<group>"; };
		35C3D6CC0DB79E4800A4BB4B /* lmstr.c */ = {isa = PBXFileReference; fileEncoding = 4; lastKnownFileType = sourcecode.c.c; path = lmstr.c; sourceTree = "<group>"; };
		35C3D6CD0DB79E4800A4BB4B /* lmstr1.c */ = {isa = PBXFileReference; fileEncoding = 4; lastKnownFileType = sourcecode.c.c; path = lmstr1.c; sourceTree = "<group>"; };
		35C3D6CE0DB79E4800A4BB4B /* qform.c */ = {isa = PBXFileReference; fileEncoding = 4; lastKnownFileType = sourcecode.c.c; path = qform.c; sourceTree = "<group>"; };
		35C3D6CF0DB79E4800A4BB4B /* qrfac.c */ = {isa = PBXFileReference; fileEncoding = 4; lastKnownFileType = sourcecode.c.c; path = qrfac.c; sourceTree = "<group>"; };
		35C3D6D00DB79E4800A4BB4B /* qrsolv.c */ = {isa = PBXFileReference; fileEncoding = 4; lastKnownFileType = sourcecode.c.c; path = qrsolv.c; sourceTree = "<group>"; };
		35C3D6D10DB79E4800A4BB4B /* r1mpyq.c */ = {isa = PBXFileReference; fileEncoding = 4; lastKnownFileType = sourcecode.c.c; path = r1mpyq.c; sourceTree = "<group>"; };
		35C3D6D20DB79E4800A4BB4B /* r1updt.c */ = {isa = PBXFileReference; fileEncoding = 4; lastKnownFileType = sourcecode.c.c; path = r1updt.c; sourceTree = "<group>"; };
		35C3D6D30DB79E4800A4BB4B /* rwupdt.c */ = {isa = PBXFileReference; fileEncoding = 4; lastKnownFileType = sourcecode.c.c; path = rwupdt.c; sourceTree = "<group>"; };
		35C3D7020DB79E5600A4BB4B /* cminpack.h */ = {isa = PBXFileReference; fileEncoding = 4; lastKnownFileType = sourcecode.c.h; path = cminpack.h; sourceTree = "<group>"; };
		35C3D7030DB79E5600A4BB4B /* minpack.h */ = {isa = PBXFileReference; fileEncoding = 4; lastKnownFileType = sourcecode.c.h; path = minpack.h; sourceTree = "<group>"; };
		7F8F63931148F51A0013EA0C /* tchkder_.c */ = {isa = PBXFileReference; fileEncoding = 4; lastKnownFileType = sourcecode.c.c; name = tchkder_.c; path = examples/tchkder_.c; sourceTree = "<group>"; };
		7F8F63941148F51A0013EA0C /* tchkderc.c */ = {isa = PBXFileReference; fileEncoding = 4; lastKnownFileType = sourcecode.c.c; name = tchkderc.c; path = examples/tchkderc.c; sourceTree = "<group>"; };
		7F8F63951148F51A0013EA0C /* tfdjac2_.c */ = {isa = PBXFileReference; fileEncoding = 4; lastKnownFileType = sourcecode.c.c; name = tfdjac2_.c; path = examples/tfdjac2_.c; sourceTree = "<group>"; };
		7F8F63961148F51A0013EA0C /* tfdjac2c.c */ = {isa = PBXFileReference; fileEncoding = 4; lastKnownFileType = sourcecode.c.c; name = tfdjac2c.c; path = examples/tfdjac2c.c; sourceTree = "<group>"; };
		7F8F63971148F51A0013EA0C /* thybrd1_.c */ = {isa = PBXFileReference; fileEncoding = 4; lastKnownFileType = sourcecode.c.c; name = thybrd1_.c; path = examples/thybrd1_.c; sourceTree = "<group>"; };
		7F8F63981148F51A0013EA0C /* thybrd1c.c */ = {isa = PBXFileReference; fileEncoding = 4; lastKnownFileType = sourcecode.c.c; name = thybrd1c.c; path = examples/thybrd1c.c; sourceTree = "<group>"; };
		7F8F63991148F51A0013EA0C /* thybrd_.c */ = {isa = PBXFileReference; fileEncoding = 4; lastKnownFileType = sourcecode.c.c; name = thybrd_.c; path = examples/thybrd_.c; sourceTree = "<group>"; };
		7F8F639A1148F51A0013EA0C /* thybrdc.c */ = {isa = PBXFileReference; fileEncoding = 4; lastKnownFileType = sourcecode.c.c; name = thybrdc.c; path = examples/thybrdc.c; sourceTree = "<group>"; };
		7F8F639B1148F51A0013EA0C /* thybrj1_.c */ = {isa = PBXFileReference; fileEncoding = 4; lastKnownFileType = sourcecode.c.c; name = thybrj1_.c; path = examples/thybrj1_.c; sourceTree = "<group>"; };
		7F8F639C1148F51A0013EA0C /* thybrj1c.c */ = {isa = PBXFileReference; fileEncoding = 4; lastKnownFileType = sourcecode.c.c; name = thybrj1c.c; path = examples/thybrj1c.c; sourceTree = "<group>"; };
		7F8F639D1148F51A0013EA0C /* thybrj_.c */ = {isa = PBXFileReference; fileEncoding = 4; lastKnownFileType = sourcecode.c.c; name = thybrj_.c; path = examples/thybrj_.c; sourceTree = "<group>"; };
		7F8F639E1148F51A0013EA0C /* thybrjc.c */ = {isa = PBXFileReference; fileEncoding = 4; lastKnownFileType = sourcecode.c.c; name = thybrjc.c; path = examples/thybrjc.c; sourceTree = "<group>"; };
		7F8F639F1148F51A0013EA0C /* tlmder1_.c */ = {isa = PBXFileReference; fileEncoding = 4; lastKnownFileType = sourcecode.c.c; name = tlmder1_.c; path = examples/tlmder1_.c; sourceTree = "<group>"; };
		7F8F63A01148F51A0013EA0C /* tlmder1c.c */ = {isa = PBXFileReference; fileEncoding = 4; lastKnownFileType = sourcecode.c.c; name = tlmder1c.c; path = examples/tlmder1c.c; sourceTree = "<group>"; };
		7F8F63A11148F51A0013EA0C /* tlmder_.c */ = {isa = PBXFileReference; fileEncoding = 4; lastKnownFileType = sourcecode.c.c; name = tlmder_.c; path = examples/tlmder_.c; sourceTree = "<group>"; };
		7F8F63A21148F51A0013EA0C /* tlmderc.c */ = {isa = PBXFileReference; fileEncoding = 4; lastKnownFileType = sourcecode.c.c; name = tlmderc.c; path = examples/tlmderc.c; sourceTree = "<group>"; };
		7F8F63A31148F51A0013EA0C /* tlmdif1_.c */ = {isa = PBXFileReference; fileEncoding = 4; lastKnownFileType = sourcecode.c.c; name = tlmdif1_.c; path = examples/tlmdif1_.c; sourceTree = "<group>"; };
		7F8F63A41148F51A0013EA0C /* tlmdif1c.c */ = {isa = PBXFileReference; fileEncoding = 4; lastKnownFileType = sourcecode.c.c; name = tlmdif1c.c; path = examples/tlmdif1c.c; sourceTree = "<group>"; };
		7F8F63A51148F51A0013EA0C /* tlmdif_.c */ = {isa = PBXFileReference; fileEncoding = 4; lastKnownFileType = sourcecode.c.c; name = tlmdif_.c; path = examples/tlmdif_.c; sourceTree = "<group>"; };
		7F8F63A61148F51A0013EA0C /* tlmdifc.c */ = {isa = PBXFileReference; fileEncoding = 4; lastKnownFileType = sourcecode.c.c; name = tlmdifc.c; path = examples/tlmdifc.c; sourceTree = "<group>"; };
		7F8F63A71148F51A0013EA0C /* tlmstr1_.c */ = {isa = PBXFileReference; fileEncoding = 4; lastKnownFileType = sourcecode.c.c; name = tlmstr1_.c; path = examples/tlmstr1_.c; sourceTree = "<group>"; };
		7F8F63A81148F51A0013EA0C /* tlmstr1c.c */ = {isa = PBXFileReference; fileEncoding = 4; lastKnownFileType = sourcecode.c.c; name = tlmstr1c.c; path = examples/tlmstr1c.c; sourceTree = "<group>"; };
		7F8F63A91148F51A0013EA0C /* tlmstr_.c */ = {isa = PBXFileReference; fileEncoding = 4; lastKnownFileType = sourcecode.c.c; name = tlmstr_.c; path = examples/tlmstr_.c; sourceTree = "<group>"; };
		7F8F63AA1148F51A0013EA0C /* tlmstrc.c */ = {isa = PBXFileReference; fileEncoding = 4; lastKnownFileType = sourcecode.c.c; name = tlmstrc.c; path = examples/tlmstrc.c; sourceTree = "<group>"; };
		D2AAC046055464E500DB518D /* libminpack.a */ = {isa = PBXFileReference; explicitFileType = archive.ar; includeInIndex = 0; path = libminpack.a; sourceTree = BUILT_PRODUCTS_DIR; };
/* End PBXFileReference section */

/* Begin PBXFrameworksBuildPhase section */
		1E548DC40F83DF460015F022 /* Frameworks */ = {
			isa = PBXFrameworksBuildPhase;
			buildActionMask = 2147483647;
			files = (
				1E548DCD0F83DF710015F022 /* libminpack.a in Frameworks */,
			);
			runOnlyForDeploymentPostprocessing = 0;
		};
		1E548E090F83E1C10015F022 /* Frameworks */ = {
			isa = PBXFrameworksBuildPhase;
			buildActionMask = 2147483647;
			files = (
				1E548E0A0F83E1C10015F022 /* libminpack.a in Frameworks */,
			);
			runOnlyForDeploymentPostprocessing = 0;
		};
		1E548E1B0F83E2050015F022 /* Frameworks */ = {
			isa = PBXFrameworksBuildPhase;
			buildActionMask = 2147483647;
			files = (
				1E548E1C0F83E2050015F022 /* libminpack.a in Frameworks */,
			);
			runOnlyForDeploymentPostprocessing = 0;
		};
		1E548E500F83E2DF0015F022 /* Frameworks */ = {
			isa = PBXFrameworksBuildPhase;
			buildActionMask = 2147483647;
			files = (
				1E548E510F83E2DF0015F022 /* libminpack.a in Frameworks */,
			);
			runOnlyForDeploymentPostprocessing = 0;
		};
		1E548E640F83E2F90015F022 /* Frameworks */ = {
			isa = PBXFrameworksBuildPhase;
			buildActionMask = 2147483647;
			files = (
				1E548E650F83E2F90015F022 /* libminpack.a in Frameworks */,
			);
			runOnlyForDeploymentPostprocessing = 0;
		};
		1E548E770F83E3130015F022 /* Frameworks */ = {
			isa = PBXFrameworksBuildPhase;
			buildActionMask = 2147483647;
			files = (
				1E548E780F83E3130015F022 /* libminpack.a in Frameworks */,
			);
			runOnlyForDeploymentPostprocessing = 0;
		};
		1E548E890F83E32D0015F022 /* Frameworks */ = {
			isa = PBXFrameworksBuildPhase;
			buildActionMask = 2147483647;
			files = (
				1E548E8A0F83E32D0015F022 /* libminpack.a in Frameworks */,
			);
			runOnlyForDeploymentPostprocessing = 0;
		};
		1E548E9A0F83E3440015F022 /* Frameworks */ = {
			isa = PBXFrameworksBuildPhase;
			buildActionMask = 2147483647;
			files = (
				1E548E9B0F83E3440015F022 /* libminpack.a in Frameworks */,
			);
			runOnlyForDeploymentPostprocessing = 0;
		};
		1E548EB90F83E3810015F022 /* Frameworks */ = {
			isa = PBXFrameworksBuildPhase;
			buildActionMask = 2147483647;
			files = (
				1E548EBA0F83E3810015F022 /* libminpack.a in Frameworks */,
			);
			runOnlyForDeploymentPostprocessing = 0;
		};
		1E548EC90F83E38C0015F022 /* Frameworks */ = {
			isa = PBXFrameworksBuildPhase;
			buildActionMask = 2147483647;
			files = (
				1E548ECA0F83E38C0015F022 /* libminpack.a in Frameworks */,
			);
			runOnlyForDeploymentPostprocessing = 0;
		};
		1E548ED80F83E3A10015F022 /* Frameworks */ = {
			isa = PBXFrameworksBuildPhase;
			buildActionMask = 2147483647;
			files = (
				1E548ED90F83E3A10015F022 /* libminpack.a in Frameworks */,
			);
			runOnlyForDeploymentPostprocessing = 0;
		};
		D289987405E68DCB004EDB86 /* Frameworks */ = {
			isa = PBXFrameworksBuildPhase;
			buildActionMask = 2147483647;
			files = (
			);
			runOnlyForDeploymentPostprocessing = 0;
		};
/* End PBXFrameworksBuildPhase section */

/* Begin PBXGroup section */
		08FB7794FE84155DC02AAC07 /* libfnt */ = {
			isa = PBXGroup;
			children = (
				08FB7795FE84155DC02AAC07 /* Source */,
				C6A0FF2B0290797F04C91782 /* Documentation */,
				1AB674ADFE9D54B511CA2CBB /* Products */,
			);
			name = libfnt;
			sourceTree = "<group>";
		};
		08FB7795FE84155DC02AAC07 /* Source */ = {
			isa = PBXGroup;
			children = (
				35C3D7020DB79E5600A4BB4B /* cminpack.h */,
				35C3D7030DB79E5600A4BB4B /* minpack.h */,
				1E548DD10F83DFAA0015F022 /* examples */,
				35C3D6BC0DB79E4800A4BB4B /* lmdif.c */,
				35C3D6BD0DB79E4800A4BB4B /* chkder.c */,
				35C3D6BE0DB79E4800A4BB4B /* covar.c */,
				35C3D6BF0DB79E4800A4BB4B /* dogleg.c */,
				35C3D6C00DB79E4800A4BB4B /* dpmpar.c */,
				35C3D6C10DB79E4800A4BB4B /* enorm.c */,
				35C3D6C20DB79E4800A4BB4B /* fdjac1.c */,
				35C3D6C30DB79E4800A4BB4B /* fdjac2.c */,
				35C3D6C40DB79E4800A4BB4B /* hybrd.c */,
				35C3D6C50DB79E4800A4BB4B /* hybrd1.c */,
				35C3D6C60DB79E4800A4BB4B /* hybrj.c */,
				35C3D6C70DB79E4800A4BB4B /* hybrj1.c */,
				35C3D6C80DB79E4800A4BB4B /* lmder.c */,
				35C3D6C90DB79E4800A4BB4B /* lmder1.c */,
				35C3D6CA0DB79E4800A4BB4B /* lmdif1.c */,
				35C3D6CB0DB79E4800A4BB4B /* lmpar.c */,
				35C3D6CC0DB79E4800A4BB4B /* lmstr.c */,
				35C3D6CD0DB79E4800A4BB4B /* lmstr1.c */,
				35C3D6CE0DB79E4800A4BB4B /* qform.c */,
				35C3D6CF0DB79E4800A4BB4B /* qrfac.c */,
				35C3D6D00DB79E4800A4BB4B /* qrsolv.c */,
				35C3D6D10DB79E4800A4BB4B /* r1mpyq.c */,
				35C3D6D20DB79E4800A4BB4B /* r1updt.c */,
				35C3D6D30DB79E4800A4BB4B /* rwupdt.c */,
			);
			name = Source;
			sourceTree = "<group>";
		};
		1AB674ADFE9D54B511CA2CBB /* Products */ = {
			isa = PBXGroup;
			children = (
				D2AAC046055464E500DB518D /* libminpack.a */,
				1E548DC60F83DF460015F022 /* tlmdif */,
				1E548E0E0F83E1C10015F022 /* tlmdif1 */,
				1E548E200F83E2050015F022 /* tchkder */,
				1E548E550F83E2DF0015F022 /* thybrd */,
				1E548E690F83E2F90015F022 /* thybrd1 */,
				1E548E7C0F83E3130015F022 /* thybrj */,
				1E548E8E0F83E32D0015F022 /* thybrj1 */,
				1E548E9F0F83E3440015F022 /* tlmder */,
				1E548EBE0F83E3810015F022 /* tlmstr */,
				1E548ECE0F83E38C0015F022 /* tlmstr1 */,
				1E548EDD0F83E3A10015F022 /* tlmder1 */,
			);
			name = Products;
			sourceTree = "<group>";
		};
		1E548DD10F83DFAA0015F022 /* examples */ = {
			isa = PBXGroup;
			children = (
				7F8F63931148F51A0013EA0C /* tchkder_.c */,
				7F8F63941148F51A0013EA0C /* tchkderc.c */,
				7F8F63951148F51A0013EA0C /* tfdjac2_.c */,
				7F8F63961148F51A0013EA0C /* tfdjac2c.c */,
				7F8F63971148F51A0013EA0C /* thybrd1_.c */,
				7F8F63981148F51A0013EA0C /* thybrd1c.c */,
				7F8F63991148F51A0013EA0C /* thybrd_.c */,
				7F8F639A1148F51A0013EA0C /* thybrdc.c */,
				7F8F639B1148F51A0013EA0C /* thybrj1_.c */,
				7F8F639C1148F51A0013EA0C /* thybrj1c.c */,
				7F8F639D1148F51A0013EA0C /* thybrj_.c */,
				7F8F639E1148F51A0013EA0C /* thybrjc.c */,
				7F8F639F1148F51A0013EA0C /* tlmder1_.c */,
				7F8F63A01148F51A0013EA0C /* tlmder1c.c */,
				7F8F63A11148F51A0013EA0C /* tlmder_.c */,
				7F8F63A21148F51A0013EA0C /* tlmderc.c */,
				7F8F63A31148F51A0013EA0C /* tlmdif1_.c */,
				7F8F63A41148F51A0013EA0C /* tlmdif1c.c */,
				7F8F63A51148F51A0013EA0C /* tlmdif_.c */,
				7F8F63A61148F51A0013EA0C /* tlmdifc.c */,
				7F8F63A71148F51A0013EA0C /* tlmstr1_.c */,
				7F8F63A81148F51A0013EA0C /* tlmstr1c.c */,
				7F8F63A91148F51A0013EA0C /* tlmstr_.c */,
				7F8F63AA1148F51A0013EA0C /* tlmstrc.c */,
			);
			name = examples;
			sourceTree = "<group>";
		};
		C6A0FF2B0290797F04C91782 /* Documentation */ = {
			isa = PBXGroup;
			children = (
				1E548DDC0F83E0960015F022 /* hybrd_.html */,
				1E548DDD0F83E0960015F022 /* hybrj_.html */,
				1E548DDE0F83E0960015F022 /* index.html */,
				1E548DDF0F83E0960015F022 /* lmder_.html */,
				1E548DE00F83E0960015F022 /* lmdif_.html */,
				1E548DE10F83E0960015F022 /* lmstr_.html */,
				1E548DE20F83E0960015F022 /* minpack-documentation.txt */,
			);
			name = Documentation;
			sourceTree = "<group>";
		};
/* End PBXGroup section */

/* Begin PBXNativeTarget section */
		1E548DC50F83DF460015F022 /* tlmdif */ = {
			isa = PBXNativeTarget;
			buildConfigurationList = 1E548DCE0F83DF8F0015F022 /* Build configuration list for PBXNativeTarget "tlmdif" */;
			buildPhases = (
				1E548DC30F83DF460015F022 /* Sources */,
				1E548DC40F83DF460015F022 /* Frameworks */,
			);
			buildRules = (
			);
			dependencies = (
				1E548F1F0F83E4880015F022 /* PBXTargetDependency */,
			);
			name = tlmdif;
			productName = tlmdif;
			productReference = 1E548DC60F83DF460015F022 /* tlmdif */;
			productType = "com.apple.product-type.tool";
		};
		1E548E060F83E1C10015F022 /* tlmdif1 */ = {
			isa = PBXNativeTarget;
			buildConfigurationList = 1E548E0B0F83E1C10015F022 /* Build configuration list for PBXNativeTarget "tlmdif1" */;
			buildPhases = (
				1E548E070F83E1C10015F022 /* Sources */,
				1E548E090F83E1C10015F022 /* Frameworks */,
			);
			buildRules = (
			);
			dependencies = (
				1E548F210F83E48B0015F022 /* PBXTargetDependency */,
			);
			name = tlmdif1;
			productName = tlmdif;
			productReference = 1E548E0E0F83E1C10015F022 /* tlmdif1 */;
			productType = "com.apple.product-type.tool";
		};
		1E548E180F83E2050015F022 /* tchkder */ = {
			isa = PBXNativeTarget;
			buildConfigurationList = 1E548E1D0F83E2050015F022 /* Build configuration list for PBXNativeTarget "tchkder" */;
			buildPhases = (
				1E548E190F83E2050015F022 /* Sources */,
				1E548E1B0F83E2050015F022 /* Frameworks */,
			);
			buildRules = (
			);
			dependencies = (
				1E548F110F83E4590015F022 /* PBXTargetDependency */,
			);
			name = tchkder;
			productName = tlmdif;
			productReference = 1E548E200F83E2050015F022 /* tchkder */;
			productType = "com.apple.product-type.tool";
		};
		1E548E450F83E2DF0015F022 /* thybrd */ = {
			isa = PBXNativeTarget;
			buildConfigurationList = 1E548E520F83E2DF0015F022 /* Build configuration list for PBXNativeTarget "thybrd" */;
			buildPhases = (
				1E548E460F83E2DF0015F022 /* Sources */,
				1E548E500F83E2DF0015F022 /* Frameworks */,
			);
			buildRules = (
			);
			dependencies = (
				1E548F130F83E4620015F022 /* PBXTargetDependency */,
			);
			name = thybrd;
			productName = tlmdif;
			productReference = 1E548E550F83E2DF0015F022 /* thybrd */;
			productType = "com.apple.product-type.tool";
		};
		1E548E5A0F83E2F90015F022 /* thybrd1 */ = {
			isa = PBXNativeTarget;
			buildConfigurationList = 1E548E660F83E2F90015F022 /* Build configuration list for PBXNativeTarget "thybrd1" */;
			buildPhases = (
				1E548E5B0F83E2F90015F022 /* Sources */,
				1E548E640F83E2F90015F022 /* Frameworks */,
			);
			buildRules = (
			);
			dependencies = (
				1E548F150F83E4710015F022 /* PBXTargetDependency */,
			);
			name = thybrd1;
			productName = tlmdif;
			productReference = 1E548E690F83E2F90015F022 /* thybrd1 */;
			productType = "com.apple.product-type.tool";
		};
		1E548E6E0F83E3130015F022 /* thybrj */ = {
			isa = PBXNativeTarget;
			buildConfigurationList = 1E548E790F83E3130015F022 /* Build configuration list for PBXNativeTarget "thybrj" */;
			buildPhases = (
				1E548E6F0F83E3130015F022 /* Sources */,
				1E548E770F83E3130015F022 /* Frameworks */,
			);
			buildRules = (
			);
			dependencies = (
				1E548F170F83E4740015F022 /* PBXTargetDependency */,
			);
			name = thybrj;
			productName = tlmdif;
			productReference = 1E548E7C0F83E3130015F022 /* thybrj */;
			productType = "com.apple.product-type.tool";
		};
		1E548E810F83E32D0015F022 /* thybrj1 */ = {
			isa = PBXNativeTarget;
			buildConfigurationList = 1E548E8B0F83E32D0015F022 /* Build configuration list for PBXNativeTarget "thybrj1" */;
			buildPhases = (
				1E548E820F83E32D0015F022 /* Sources */,
				1E548E890F83E32D0015F022 /* Frameworks */,
			);
			buildRules = (
			);
			dependencies = (
				1E548F190F83E4770015F022 /* PBXTargetDependency */,
			);
			name = thybrj1;
			productName = tlmdif;
			productReference = 1E548E8E0F83E32D0015F022 /* thybrj1 */;
			productType = "com.apple.product-type.tool";
		};
		1E548E930F83E3440015F022 /* tlmder */ = {
			isa = PBXNativeTarget;
			buildConfigurationList = 1E548E9C0F83E3440015F022 /* Build configuration list for PBXNativeTarget "tlmder" */;
			buildPhases = (
				1E548E940F83E3440015F022 /* Sources */,
				1E548E9A0F83E3440015F022 /* Frameworks */,
			);
			buildRules = (
			);
			dependencies = (
				1E548F1B0F83E47E0015F022 /* PBXTargetDependency */,
			);
			name = tlmder;
			productName = tlmdif;
			productReference = 1E548E9F0F83E3440015F022 /* tlmder */;
			productType = "com.apple.product-type.tool";
		};
		1E548EB30F83E3810015F022 /* tlmstr */ = {
			isa = PBXNativeTarget;
			buildConfigurationList = 1E548EBB0F83E3810015F022 /* Build configuration list for PBXNativeTarget "tlmstr" */;
			buildPhases = (
				1E548EB40F83E3810015F022 /* Sources */,
				1E548EB90F83E3810015F022 /* Frameworks */,
			);
			buildRules = (
			);
			dependencies = (
				1E548F230F83E4920015F022 /* PBXTargetDependency */,
			);
			name = tlmstr;
			productName = tlmdif;
			productReference = 1E548EBE0F83E3810015F022 /* tlmstr */;
			productType = "com.apple.product-type.tool";
		};
		1E548EC30F83E38C0015F022 /* tlmstr1 */ = {
			isa = PBXNativeTarget;
			buildConfigurationList = 1E548ECB0F83E38C0015F022 /* Build configuration list for PBXNativeTarget "tlmstr1" */;
			buildPhases = (
				1E548EC40F83E38C0015F022 /* Sources */,
				1E548EC90F83E38C0015F022 /* Frameworks */,
			);
			buildRules = (
			);
			dependencies = (
				1E548F250F83E4950015F022 /* PBXTargetDependency */,
			);
			name = tlmstr1;
			productName = tlmdif;
			productReference = 1E548ECE0F83E38C0015F022 /* tlmstr1 */;
			productType = "com.apple.product-type.tool";
		};
		1E548ED30F83E3A10015F022 /* tlmder1 */ = {
			isa = PBXNativeTarget;
			buildConfigurationList = 1E548EDA0F83E3A10015F022 /* Build configuration list for PBXNativeTarget "tlmder1" */;
			buildPhases = (
				1E548ED40F83E3A10015F022 /* Sources */,
				1E548ED80F83E3A10015F022 /* Frameworks */,
			);
			buildRules = (
			);
			dependencies = (
				1E548F1D0F83E4820015F022 /* PBXTargetDependency */,
			);
			name = tlmder1;
			productName = tlmdif;
			productReference = 1E548EDD0F83E3A10015F022 /* tlmder1 */;
			productType = "com.apple.product-type.tool";
		};
		D2AAC045055464E500DB518D /* minpack */ = {
			isa = PBXNativeTarget;
			buildConfigurationList = 1DEB91EB08733DB70010E9CD /* Build configuration list for PBXNativeTarget "minpack" */;
			buildPhases = (
				D2AAC044055464E500DB518D /* Sources */,
				D289987405E68DCB004EDB86 /* Frameworks */,
			);
			buildRules = (
			);
			dependencies = (
			);
			name = minpack;
			productName = libfnt;
			productReference = D2AAC046055464E500DB518D /* libminpack.a */;
			productType = "com.apple.product-type.library.static";
		};
/* End PBXNativeTarget section */

/* Begin PBXProject section */
		08FB7793FE84155DC02AAC07 /* Project object */ = {
			isa = PBXProject;
			buildConfigurationList = 1DEB91EF08733DB70010E9CD /* Build configuration list for PBXProject "libminpack" */;
			compatibilityVersion = "Xcode 3.1";
			developmentRegion = English;
			hasScannedForEncodings = 1;
			knownRegions = (
				English,
				Japanese,
				French,
				German,
			);
			mainGroup = 08FB7794FE84155DC02AAC07 /* libfnt */;
			projectDirPath = "";
			projectRoot = "";
			targets = (
				1E548EEC0F83E3F10015F022 /* cminpack */,
				D2AAC045055464E500DB518D /* minpack */,
				1E548E180F83E2050015F022 /* tchkder */,
				1E548E450F83E2DF0015F022 /* thybrd */,
				1E548E5A0F83E2F90015F022 /* thybrd1 */,
				1E548E6E0F83E3130015F022 /* thybrj */,
				1E548E810F83E32D0015F022 /* thybrj1 */,
				1E548E930F83E3440015F022 /* tlmder */,
				1E548ED30F83E3A10015F022 /* tlmder1 */,
				1E548DC50F83DF460015F022 /* tlmdif */,
				1E548E060F83E1C10015F022 /* tlmdif1 */,
				1E548EB30F83E3810015F022 /* tlmstr */,
				1E548EC30F83E38C0015F022 /* tlmstr1 */,
			);
		};
/* End PBXProject section */

/* Begin PBXSourcesBuildPhase section */
		1E548DC30F83DF460015F022 /* Sources */ = {
			isa = PBXSourcesBuildPhase;
			buildActionMask = 2147483647;
			files = (
			);
			runOnlyForDeploymentPostprocessing = 0;
		};
		1E548E070F83E1C10015F022 /* Sources */ = {
			isa = PBXSourcesBuildPhase;
			buildActionMask = 2147483647;
			files = (
			);
			runOnlyForDeploymentPostprocessing = 0;
		};
		1E548E190F83E2050015F022 /* Sources */ = {
			isa = PBXSourcesBuildPhase;
			buildActionMask = 2147483647;
			files = (
			);
			runOnlyForDeploymentPostprocessing = 0;
		};
		1E548E460F83E2DF0015F022 /* Sources */ = {
			isa = PBXSourcesBuildPhase;
			buildActionMask = 2147483647;
			files = (
			);
			runOnlyForDeploymentPostprocessing = 0;
		};
		1E548E5B0F83E2F90015F022 /* Sources */ = {
			isa = PBXSourcesBuildPhase;
			buildActionMask = 2147483647;
			files = (
			);
			runOnlyForDeploymentPostprocessing = 0;
		};
		1E548E6F0F83E3130015F022 /* Sources */ = {
			isa = PBXSourcesBuildPhase;
			buildActionMask = 2147483647;
			files = (
			);
			runOnlyForDeploymentPostprocessing = 0;
		};
		1E548E820F83E32D0015F022 /* Sources */ = {
			isa = PBXSourcesBuildPhase;
			buildActionMask = 2147483647;
			files = (
			);
			runOnlyForDeploymentPostprocessing = 0;
		};
		1E548E940F83E3440015F022 /* Sources */ = {
			isa = PBXSourcesBuildPhase;
			buildActionMask = 2147483647;
			files = (
			);
			runOnlyForDeploymentPostprocessing = 0;
		};
		1E548EB40F83E3810015F022 /* Sources */ = {
			isa = PBXSourcesBuildPhase;
			buildActionMask = 2147483647;
			files = (
			);
			runOnlyForDeploymentPostprocessing = 0;
		};
		1E548EC40F83E38C0015F022 /* Sources */ = {
			isa = PBXSourcesBuildPhase;
			buildActionMask = 2147483647;
			files = (
			);
			runOnlyForDeploymentPostprocessing = 0;
		};
		1E548ED40F83E3A10015F022 /* Sources */ = {
			isa = PBXSourcesBuildPhase;
			buildActionMask = 2147483647;
			files = (
			);
			runOnlyForDeploymentPostprocessing = 0;
		};
		D2AAC044055464E500DB518D /* Sources */ = {
			isa = PBXSourcesBuildPhase;
			buildActionMask = 2147483647;
			files = (
				35C3D6DF0DB79E4800A4BB4B /* lmdif.c in Sources */,
				35C3D6E00DB79E4800A4BB4B /* chkder.c in Sources */,
				35C3D6E10DB79E4800A4BB4B /* covar.c in Sources */,
				35C3D6E20DB79E4800A4BB4B /* dogleg.c in Sources */,
				35C3D6E30DB79E4800A4BB4B /* dpmpar.c in Sources */,
				35C3D6E40DB79E4800A4BB4B /* enorm.c in Sources */,
				35C3D6E50DB79E4800A4BB4B /* fdjac1.c in Sources */,
				35C3D6E60DB79E4800A4BB4B /* fdjac2.c in Sources */,
				35C3D6E70DB79E4800A4BB4B /* hybrd.c in Sources */,
				35C3D6E80DB79E4800A4BB4B /* hybrd1.c in Sources */,
				35C3D6E90DB79E4800A4BB4B /* hybrj.c in Sources */,
				35C3D6EA0DB79E4800A4BB4B /* hybrj1.c in Sources */,
				35C3D6EB0DB79E4800A4BB4B /* lmder.c in Sources */,
				35C3D6EC0DB79E4800A4BB4B /* lmder1.c in Sources */,
				35C3D6ED0DB79E4800A4BB4B /* lmdif1.c in Sources */,
				35C3D6EE0DB79E4800A4BB4B /* lmpar.c in Sources */,
				35C3D6EF0DB79E4800A4BB4B /* lmstr.c in Sources */,
				35C3D6F00DB79E4800A4BB4B /* lmstr1.c in Sources */,
				35C3D6F10DB79E4800A4BB4B /* qform.c in Sources */,
				35C3D6F20DB79E4800A4BB4B /* qrfac.c in Sources */,
				35C3D6F30DB79E4800A4BB4B /* qrsolv.c in Sources */,
				35C3D6F40DB79E4800A4BB4B /* r1mpyq.c in Sources */,
				35C3D6F50DB79E4800A4BB4B /* r1updt.c in Sources */,
				35C3D6F60DB79E4800A4BB4B /* rwupdt.c in Sources */,
			);
			runOnlyForDeploymentPostprocessing = 0;
		};
/* End PBXSourcesBuildPhase section */

/* Begin PBXTargetDependency section */
		1E548EF10F83E3F90015F022 /* PBXTargetDependency */ = {
			isa = PBXTargetDependency;
			target = D2AAC045055464E500DB518D /* minpack */;
			targetProxy = 1E548EF00F83E3F90015F022 /* PBXContainerItemProxy */;
		};
		1E548EF30F83E3F90015F022 /* PBXTargetDependency */ = {
			isa = PBXTargetDependency;
			target = 1E548DC50F83DF460015F022 /* tlmdif */;
			targetProxy = 1E548EF20F83E3F90015F022 /* PBXContainerItemProxy */;
		};
		1E548EF50F83E3F90015F022 /* PBXTargetDependency */ = {
			isa = PBXTargetDependency;
			target = 1E548E060F83E1C10015F022 /* tlmdif1 */;
			targetProxy = 1E548EF40F83E3F90015F022 /* PBXContainerItemProxy */;
		};
		1E548EF70F83E3F90015F022 /* PBXTargetDependency */ = {
			isa = PBXTargetDependency;
			target = 1E548E180F83E2050015F022 /* tchkder */;
			targetProxy = 1E548EF60F83E3F90015F022 /* PBXContainerItemProxy */;
		};
		1E548EF90F83E3F90015F022 /* PBXTargetDependency */ = {
			isa = PBXTargetDependency;
			target = 1E548E450F83E2DF0015F022 /* thybrd */;
			targetProxy = 1E548EF80F83E3F90015F022 /* PBXContainerItemProxy */;
		};
		1E548EFB0F83E3F90015F022 /* PBXTargetDependency */ = {
			isa = PBXTargetDependency;
			target = 1E548E5A0F83E2F90015F022 /* thybrd1 */;
			targetProxy = 1E548EFA0F83E3F90015F022 /* PBXContainerItemProxy */;
		};
		1E548EFD0F83E3F90015F022 /* PBXTargetDependency */ = {
			isa = PBXTargetDependency;
			target = 1E548E6E0F83E3130015F022 /* thybrj */;
			targetProxy = 1E548EFC0F83E3F90015F022 /* PBXContainerItemProxy */;
		};
		1E548EFF0F83E3F90015F022 /* PBXTargetDependency */ = {
			isa = PBXTargetDependency;
			target = 1E548E810F83E32D0015F022 /* thybrj1 */;
			targetProxy = 1E548EFE0F83E3F90015F022 /* PBXContainerItemProxy */;
		};
		1E548F010F83E3F90015F022 /* PBXTargetDependency */ = {
			isa = PBXTargetDependency;
			target = 1E548E930F83E3440015F022 /* tlmder */;
			targetProxy = 1E548F000F83E3F90015F022 /* PBXContainerItemProxy */;
		};
		1E548F030F83E3F90015F022 /* PBXTargetDependency */ = {
			isa = PBXTargetDependency;
			target = 1E548EB30F83E3810015F022 /* tlmstr */;
			targetProxy = 1E548F020F83E3F90015F022 /* PBXContainerItemProxy */;
		};
		1E548F050F83E3F90015F022 /* PBXTargetDependency */ = {
			isa = PBXTargetDependency;
			target = 1E548EC30F83E38C0015F022 /* tlmstr1 */;
			targetProxy = 1E548F040F83E3F90015F022 /* PBXContainerItemProxy */;
		};
		1E548F070F83E3F90015F022 /* PBXTargetDependency */ = {
			isa = PBXTargetDependency;
			target = 1E548ED30F83E3A10015F022 /* tlmder1 */;
			targetProxy = 1E548F060F83E3F90015F022 /* PBXContainerItemProxy */;
		};
		1E548F110F83E4590015F022 /* PBXTargetDependency */ = {
			isa = PBXTargetDependency;
			target = D2AAC045055464E500DB518D /* minpack */;
			targetProxy = 1E548F100F83E4590015F022 /* PBXContainerItemProxy */;
		};
		1E548F130F83E4620015F022 /* PBXTargetDependency */ = {
			isa = PBXTargetDependency;
			target = D2AAC045055464E500DB518D /* minpack */;
			targetProxy = 1E548F120F83E4620015F022 /* PBXContainerItemProxy */;
		};
		1E548F150F83E4710015F022 /* PBXTargetDependency */ = {
			isa = PBXTargetDependency;
			target = D2AAC045055464E500DB518D /* minpack */;
			targetProxy = 1E548F140F83E4710015F022 /* PBXContainerItemProxy */;
		};
		1E548F170F83E4740015F022 /* PBXTargetDependency */ = {
			isa = PBXTargetDependency;
			target = D2AAC045055464E500DB518D /* minpack */;
			targetProxy = 1E548F160F83E4740015F022 /* PBXContainerItemProxy */;
		};
		1E548F190F83E4770015F022 /* PBXTargetDependency */ = {
			isa = PBXTargetDependency;
			target = D2AAC045055464E500DB518D /* minpack */;
			targetProxy = 1E548F180F83E4770015F022 /* PBXContainerItemProxy */;
		};
		1E548F1B0F83E47E0015F022 /* PBXTargetDependency */ = {
			isa = PBXTargetDependency;
			target = D2AAC045055464E500DB518D /* minpack */;
			targetProxy = 1E548F1A0F83E47E0015F022 /* PBXContainerItemProxy */;
		};
		1E548F1D0F83E4820015F022 /* PBXTargetDependency */ = {
			isa = PBXTargetDependency;
			target = D2AAC045055464E500DB518D /* minpack */;
			targetProxy = 1E548F1C0F83E4820015F022 /* PBXContainerItemProxy */;
		};
		1E548F1F0F83E4880015F022 /* PBXTargetDependency */ = {
			isa = PBXTargetDependency;
			target = D2AAC045055464E500DB518D /* minpack */;
			targetProxy = 1E548F1E0F83E4880015F022 /* PBXContainerItemProxy */;
		};
		1E548F210F83E48B0015F022 /* PBXTargetDependency */ = {
			isa = PBXTargetDependency;
			target = D2AAC045055464E500DB518D /* minpack */;
			targetProxy = 1E548F200F83E48B0015F022 /* PBXContainerItemProxy */;
		};
		1E548F230F83E4920015F022 /* PBXTargetDependency */ = {
			isa = PBXTargetDependency;
			target = D2AAC045055464E500DB518D /* minpack */;
			targetProxy = 1E548F220F83E4920015F022 /* PBXContainerItemProxy */;
		};
		1E548F250F83E4950015F022 /* PBXTargetDependency */ = {
			isa = PBXTargetDependency;
			target = D2AAC045055464E500DB518D /* minpack */;
			targetProxy = 1E548F240F83E4950015F022 /* PBXContainerItemProxy */;
		};
/* End PBXTargetDependency section */

/* Begin XCBuildConfiguration section */
		1DEB91EC08733DB70010E9CD /* Debug */ = {
			isa = XCBuildConfiguration;
			buildSettings = {
				HEADER_SEARCH_PATHS = (
					"$(BOOST_PATH)",
					../CImg,
					../,
				);
				LIBRARY_SEARCH_PATHS = (
					"$(inherited)",
					"\"$(SRCROOT)/../local/lib\"",
				);
				PRODUCT_NAME = minpack;
			};
			name = Debug;
		};
		1DEB91ED08733DB70010E9CD /* Release */ = {
			isa = XCBuildConfiguration;
			buildSettings = {
				HEADER_SEARCH_PATHS = (
					"$(BOOST_PATH)",
					../CImg,
					../,
				);
				LIBRARY_SEARCH_PATHS = (
					"$(inherited)",
					"\"$(SRCROOT)/../local/lib\"",
				);
				PRODUCT_NAME = minpack;
			};
			name = Release;
		};
		1DEB91F008733DB70010E9CD /* Debug */ = {
			isa = XCBuildConfiguration;
			buildSettings = {
				ARCHS = "$(ARCHS_STANDARD_32_64_BIT)";
				DEBUG_INFORMATION_FORMAT = "dwarf-with-dsym";
				GCC_ENABLE_FIX_AND_CONTINUE = YES;
				GCC_ENABLE_SSE3_EXTENSIONS = YES;
				GCC_ENABLE_SUPPLEMENTAL_SSE3_INSTRUCTIONS = YES;
				GCC_FAST_MATH = YES;
				GCC_PREPROCESSOR_DEFINITIONS = DEBUG;
				PRODUCT_NAME = cminpack;
				SDKROOT = macosx10.6;
				WARNING_CFLAGS = "-Wall";
			};
			name = Debug;
		};
		1DEB91F108733DB70010E9CD /* Release */ = {
			isa = XCBuildConfiguration;
			buildSettings = {
				ARCHS = "$(ARCHS_STANDARD_32_64_BIT)";
				DEBUG_INFORMATION_FORMAT = "dwarf-with-dsym";
				GCC_ENABLE_SSE3_EXTENSIONS = YES;
				GCC_ENABLE_SUPPLEMENTAL_SSE3_INSTRUCTIONS = YES;
				GCC_FAST_MATH = YES;
				GCC_GENERATE_DEBUGGING_SYMBOLS = NO;
				GCC_OPTIMIZATION_LEVEL = 3;
				GCC_PREPROCESSOR_DEFINITIONS = NDEBUG;
				PRODUCT_NAME = cminpack;
				SDKROOT = macosx10.6;
				WARNING_CFLAGS = "-Wall";
			};
			name = Release;
		};
		1E548DC80F83DF460015F022 /* Debug */ = {
			isa = XCBuildConfiguration;
			buildSettings = {
				PRODUCT_NAME = tlmdif;
			};
			name = Debug;
		};
		1E548DC90F83DF460015F022 /* Release */ = {
			isa = XCBuildConfiguration;
			buildSettings = {
				PRODUCT_NAME = tlmdif;
			};
			name = Release;
		};
		1E548E0C0F83E1C10015F022 /* Debug */ = {
			isa = XCBuildConfiguration;
			buildSettings = {
				PRODUCT_NAME = tlmdif1;
			};
			name = Debug;
		};
		1E548E0D0F83E1C10015F022 /* Release */ = {
			isa = XCBuildConfiguration;
			buildSettings = {
				PRODUCT_NAME = tlmdif1;
			};
			name = Release;
		};
		1E548E1E0F83E2050015F022 /* Debug */ = {
			isa = XCBuildConfiguration;
			buildSettings = {
				PRODUCT_NAME = tchkder;
			};
			name = Debug;
		};
		1E548E1F0F83E2050015F022 /* Release */ = {
			isa = XCBuildConfiguration;
			buildSettings = {
				PRODUCT_NAME = tchkder;
			};
			name = Release;
		};
		1E548E530F83E2DF0015F022 /* Debug */ = {
			isa = XCBuildConfiguration;
			buildSettings = {
				GCC_ENABLE_FIX_AND_CONTINUE = YES;
				PRODUCT_NAME = thybrd;
			};
			name = Debug;
		};
		1E548E540F83E2DF0015F022 /* Release */ = {
			isa = XCBuildConfiguration;
			buildSettings = {
				GCC_ENABLE_FIX_AND_CONTINUE = NO;
				PRODUCT_NAME = thybrd;
			};
			name = Release;
		};
		1E548E670F83E2F90015F022 /* Debug */ = {
			isa = XCBuildConfiguration;
			buildSettings = {
				GCC_ENABLE_FIX_AND_CONTINUE = YES;
				PRODUCT_NAME = thybrd1;
			};
			name = Debug;
		};
		1E548E680F83E2F90015F022 /* Release */ = {
			isa = XCBuildConfiguration;
			buildSettings = {
				GCC_ENABLE_FIX_AND_CONTINUE = NO;
				PRODUCT_NAME = thybrd1;
			};
			name = Release;
		};
		1E548E7A0F83E3130015F022 /* Debug */ = {
			isa = XCBuildConfiguration;
			buildSettings = {
				PRODUCT_NAME = thybrj;
			};
			name = Debug;
		};
		1E548E7B0F83E3130015F022 /* Release */ = {
			isa = XCBuildConfiguration;
			buildSettings = {
				PRODUCT_NAME = thybrj;
			};
			name = Release;
		};
		1E548E8C0F83E32D0015F022 /* Debug */ = {
			isa = XCBuildConfiguration;
			buildSettings = {
				PRODUCT_NAME = thybrj1;
			};
			name = Debug;
		};
		1E548E8D0F83E32D0015F022 /* Release */ = {
			isa = XCBuildConfiguration;
			buildSettings = {
				PRODUCT_NAME = thybrj1;
			};
			name = Release;
		};
		1E548E9D0F83E3440015F022 /* Debug */ = {
			isa = XCBuildConfiguration;
			buildSettings = {
				PRODUCT_NAME = tlmder;
			};
			name = Debug;
		};
		1E548E9E0F83E3440015F022 /* Release */ = {
			isa = XCBuildConfiguration;
			buildSettings = {
				PRODUCT_NAME = tlmder;
			};
			name = Release;
		};
		1E548EBC0F83E3810015F022 /* Debug */ = {
			isa = XCBuildConfiguration;
			buildSettings = {
				PRODUCT_NAME = tlmstr;
			};
			name = Debug;
		};
		1E548EBD0F83E3810015F022 /* Release */ = {
			isa = XCBuildConfiguration;
			buildSettings = {
				PRODUCT_NAME = tlmstr;
			};
			name = Release;
		};
		1E548ECC0F83E38C0015F022 /* Debug */ = {
			isa = XCBuildConfiguration;
			buildSettings = {
				PRODUCT_NAME = tlmstr1;
			};
			name = Debug;
		};
		1E548ECD0F83E38C0015F022 /* Release */ = {
			isa = XCBuildConfiguration;
			buildSettings = {
				PRODUCT_NAME = tlmstr1;
			};
			name = Release;
		};
		1E548EDB0F83E3A10015F022 /* Debug */ = {
			isa = XCBuildConfiguration;
			buildSettings = {
				PRODUCT_NAME = tlmder1;
			};
			name = Debug;
		};
		1E548EDC0F83E3A10015F022 /* Release */ = {
			isa = XCBuildConfiguration;
			buildSettings = {
				PRODUCT_NAME = tlmder1;
			};
			name = Release;
		};
		1E548EED0F83E3F10015F022 /* Debug */ = {
			isa = XCBuildConfiguration;
			buildSettings = {
			};
			name = Debug;
		};
		1E548EEE0F83E3F10015F022 /* Release */ = {
			isa = XCBuildConfiguration;
			buildSettings = {
				GCC_ENABLE_FIX_AND_CONTINUE = NO;
			};
			name = Release;
		};
/* End XCBuildConfiguration section */

/* Begin XCConfigurationList section */
		1DEB91EB08733DB70010E9CD /* Build configuration list for PBXNativeTarget "minpack" */ = {
			isa = XCConfigurationList;
			buildConfigurations = (
				1DEB91EC08733DB70010E9CD /* Debug */,
				1DEB91ED08733DB70010E9CD /* Release */,
			);
			defaultConfigurationIsVisible = 0;
			defaultConfigurationName = Release;
		};
		1DEB91EF08733DB70010E9CD /* Build configuration list for PBXProject "libminpack" */ = {
			isa = XCConfigurationList;
			buildConfigurations = (
				1DEB91F008733DB70010E9CD /* Debug */,
				1DEB91F108733DB70010E9CD /* Release */,
			);
			defaultConfigurationIsVisible = 0;
			defaultConfigurationName = Release;
		};
		1E548DCE0F83DF8F0015F022 /* Build configuration list for PBXNativeTarget "tlmdif" */ = {
			isa = XCConfigurationList;
			buildConfigurations = (
				1E548DC80F83DF460015F022 /* Debug */,
				1E548DC90F83DF460015F022 /* Release */,
			);
			defaultConfigurationIsVisible = 0;
			defaultConfigurationName = Release;
		};
		1E548E0B0F83E1C10015F022 /* Build configuration list for PBXNativeTarget "tlmdif1" */ = {
			isa = XCConfigurationList;
			buildConfigurations = (
				1E548E0C0F83E1C10015F022 /* Debug */,
				1E548E0D0F83E1C10015F022 /* Release */,
			);
			defaultConfigurationIsVisible = 0;
			defaultConfigurationName = Release;
		};
		1E548E1D0F83E2050015F022 /* Build configuration list for PBXNativeTarget "tchkder" */ = {
			isa = XCConfigurationList;
			buildConfigurations = (
				1E548E1E0F83E2050015F022 /* Debug */,
				1E548E1F0F83E2050015F022 /* Release */,
			);
			defaultConfigurationIsVisible = 0;
			defaultConfigurationName = Release;
		};
		1E548E520F83E2DF0015F022 /* Build configuration list for PBXNativeTarget "thybrd" */ = {
			isa = XCConfigurationList;
			buildConfigurations = (
				1E548E530F83E2DF0015F022 /* Debug */,
				1E548E540F83E2DF0015F022 /* Release */,
			);
			defaultConfigurationIsVisible = 0;
			defaultConfigurationName = Release;
		};
		1E548E660F83E2F90015F022 /* Build configuration list for PBXNativeTarget "thybrd1" */ = {
			isa = XCConfigurationList;
			buildConfigurations = (
				1E548E670F83E2F90015F022 /* Debug */,
				1E548E680F83E2F90015F022 /* Release */,
			);
			defaultConfigurationIsVisible = 0;
			defaultConfigurationName = Release;
		};
		1E548E790F83E3130015F022 /* Build configuration list for PBXNativeTarget "thybrj" */ = {
			isa = XCConfigurationList;
			buildConfigurations = (
				1E548E7A0F83E3130015F022 /* Debug */,
				1E548E7B0F83E3130015F022 /* Release */,
			);
			defaultConfigurationIsVisible = 0;
			defaultConfigurationName = Release;
		};
		1E548E8B0F83E32D0015F022 /* Build configuration list for PBXNativeTarget "thybrj1" */ = {
			isa = XCConfigurationList;
			buildConfigurations = (
				1E548E8C0F83E32D0015F022 /* Debug */,
				1E548E8D0F83E32D0015F022 /* Release */,
			);
			defaultConfigurationIsVisible = 0;
			defaultConfigurationName = Release;
		};
		1E548E9C0F83E3440015F022 /* Build configuration list for PBXNativeTarget "tlmder" */ = {
			isa = XCConfigurationList;
			buildConfigurations = (
				1E548E9D0F83E3440015F022 /* Debug */,
				1E548E9E0F83E3440015F022 /* Release */,
			);
			defaultConfigurationIsVisible = 0;
			defaultConfigurationName = Release;
		};
		1E548EBB0F83E3810015F022 /* Build configuration list for PBXNativeTarget "tlmstr" */ = {
			isa = XCConfigurationList;
			buildConfigurations = (
				1E548EBC0F83E3810015F022 /* Debug */,
				1E548EBD0F83E3810015F022 /* Release */,
			);
			defaultConfigurationIsVisible = 0;
			defaultConfigurationName = Release;
		};
		1E548ECB0F83E38C0015F022 /* Build configuration list for PBXNativeTarget "tlmstr1" */ = {
			isa = XCConfigurationList;
			buildConfigurations = (
				1E548ECC0F83E38C0015F022 /* Debug */,
				1E548ECD0F83E38C0015F022 /* Release */,
			);
			defaultConfigurationIsVisible = 0;
			defaultConfigurationName = Release;
		};
		1E548EDA0F83E3A10015F022 /* Build configuration list for PBXNativeTarget "tlmder1" */ = {
			isa = XCConfigurationList;
			buildConfigurations = (
				1E548EDB0F83E3A10015F022 /* Debug */,
				1E548EDC0F83E3A10015F022 /* Release */,
			);
			defaultConfigurationIsVisible = 0;
			defaultConfigurationName = Release;
		};
		1E548F0D0F83E42D0015F022 /* Build configuration list for PBXAggregateTarget "cminpack" */ = {
			isa = XCConfigurationList;
			buildConfigurations = (
				1E548EED0F83E3F10015F022 /* Debug */,
				1E548EEE0F83E3F10015F022 /* Release */,
			);
			defaultConfigurationIsVisible = 0;
			defaultConfigurationName = Release;
		};
/* End XCConfigurationList section */
	};
	rootObject = 08FB7793FE84155DC02AAC07 /* Project object */;
}
